
Microsoft Visual Studio Solution File, Format Version 12.00
# Visual Studio Version 17
VisualStudioVersion = 17.9.34701.34
MinimumVisualStudioVersion = 10.0.40219.1
Project("{FAE04EC0-301F-11D3-BF4B-00C04F79EFBC}") = "CarRental", "CarRental\CarRental.csproj", "{CD05D337-10AE-444C-89DB-E47E7FBC7FDD}"
EndProject
Global
	GlobalSection(SolutionConfigurationPlatforms) = preSolution
		Debug|Any CPU = Debug|Any CPU
		Release|Any CPU = Release|Any CPU
	EndGlobalSection
	GlobalSection(ProjectConfigurationPlatforms) = postSolution
		{CD05D337-10AE-444C-89DB-E47E7FBC7FDD}.Debug|Any CPU.ActiveCfg = Debug|Any CPU
		{CD05D337-10AE-444C-89DB-E47E7FBC7FDD}.Debug|Any CPU.Build.0 = Debug|Any CPU
		{CD05D337-10AE-444C-89DB-E47E7FBC7FDD}.Release|Any CPU.ActiveCfg = Release|Any CPU
		{CD05D337-10AE-444C-89DB-E47E7FBC7FDD}.Release|Any CPU.Build.0 = Release|Any CPU
	EndGlobalSection
	GlobalSection(SolutionProperties) = preSolution
		HideSolutionNode = FALSE
	EndGlobalSection
	GlobalSection(ExtensibilityGlobals) = postSolution
		SolutionGuid = {6D56A079-BB3F-4384-8537-7071A262D9B6}
	EndGlobalSection
EndGlobal
